
Microsoft Visual Studio Solution File, Format Version 12.00
# Visual Studio 2012
Project("{FAE04EC0-301F-11D3-BF4B-00C04F79EFBC}") = "Go.Juegos", "Go.Juegos\Go.Juegos.csproj", "{5286A0B2-E760-482C-8E6F-E148A8671255}"
EndProject
Project("{FAE04EC0-301F-11D3-BF4B-00C04F79EFBC}") = "Go.Juegos.Tests", "Go.Juegos.Tests\Go.Juegos.Tests.csproj", "{B9D0C842-BECB-4924-AE8C-A1E1C648D206}"
EndProject
Project("{FAE04EC0-301F-11D3-BF4B-00C04F79EFBC}") = "Go.Juegos.Data", "Go.Juegos.Data\Go.Juegos.Data.csproj", "{4F585B1D-AB61-4AB1-BC4E-E7537BEFD6D1}"
EndProject
Project("{FAE04EC0-301F-11D3-BF4B-00C04F79EFBC}") = "Go.Juegos.API", "Go.Juegos.API\Go.Juegos.API.csproj", "{5D0B1EC5-362E-4CD9-ABC5-046584432DB8}"
EndProject
Project("{FAE04EC0-301F-11D3-BF4B-00C04F79EFBC}") = "Go.Interfaces", "Go.Interfaces\Go.Interfaces.csproj", "{2D72F5FB-7402-4518-979E-55A65759E991}"
EndProject
Project("{FAE04EC0-301F-11D3-BF4B-00C04F79EFBC}") = "Go.Aplicacion", "Go.Aplicacion\Go.Aplicacion.csproj", "{597CFFFC-5CD9-4D4B-AD7F-2333E9AD2051}"
EndProject
Project("{FAE04EC0-301F-11D3-BF4B-00C04F79EFBC}") = "Go.Juegos.IntegrationTests", "Go.Juegos.IntegrationTests\Go.Juegos.IntegrationTests.csproj", "{20ACD78C-9543-4DCA-979C-F740279C5C56}"
EndProject
Project("{FAE04EC0-301F-11D3-BF4B-00C04F79EFBC}") = "Go.Interfaces.Aplicacion", "Go.Interfaces.Aplicacion\Go.Interfaces.Aplicacion.csproj", "{AFD3CAE1-E45F-4534-9A6C-0F8407663B1B}"
EndProject
Global
	GlobalSection(SolutionConfigurationPlatforms) = preSolution
		Debug|Any CPU = Debug|Any CPU
		Release|Any CPU = Release|Any CPU
	EndGlobalSection
	GlobalSection(ProjectConfigurationPlatforms) = postSolution
		{5286A0B2-E760-482C-8E6F-E148A8671255}.Debug|Any CPU.ActiveCfg = Debug|Any CPU
		{5286A0B2-E760-482C-8E6F-E148A8671255}.Debug|Any CPU.Build.0 = Debug|Any CPU
		{5286A0B2-E760-482C-8E6F-E148A8671255}.Release|Any CPU.ActiveCfg = Release|Any CPU
		{5286A0B2-E760-482C-8E6F-E148A8671255}.Release|Any CPU.Build.0 = Release|Any CPU
		{B9D0C842-BECB-4924-AE8C-A1E1C648D206}.Debug|Any CPU.ActiveCfg = Debug|Any CPU
		{B9D0C842-BECB-4924-AE8C-A1E1C648D206}.Debug|Any CPU.Build.0 = Debug|Any CPU
		{B9D0C842-BECB-4924-AE8C-A1E1C648D206}.Release|Any CPU.ActiveCfg = Release|Any CPU
		{B9D0C842-BECB-4924-AE8C-A1E1C648D206}.Release|Any CPU.Build.0 = Release|Any CPU
		{4F585B1D-AB61-4AB1-BC4E-E7537BEFD6D1}.Debug|Any CPU.ActiveCfg = Debug|Any CPU
		{4F585B1D-AB61-4AB1-BC4E-E7537BEFD6D1}.Debug|Any CPU.Build.0 = Debug|Any CPU
		{4F585B1D-AB61-4AB1-BC4E-E7537BEFD6D1}.Release|Any CPU.ActiveCfg = Release|Any CPU
		{4F585B1D-AB61-4AB1-BC4E-E7537BEFD6D1}.Release|Any CPU.Build.0 = Release|Any CPU
		{5D0B1EC5-362E-4CD9-ABC5-046584432DB8}.Debug|Any CPU.ActiveCfg = Debug|Any CPU
		{5D0B1EC5-362E-4CD9-ABC5-046584432DB8}.Debug|Any CPU.Build.0 = Debug|Any CPU
		{5D0B1EC5-362E-4CD9-ABC5-046584432DB8}.Release|Any CPU.ActiveCfg = Release|Any CPU
		{5D0B1EC5-362E-4CD9-ABC5-046584432DB8}.Release|Any CPU.Build.0 = Release|Any CPU
		{2D72F5FB-7402-4518-979E-55A65759E991}.Debug|Any CPU.ActiveCfg = Debug|Any CPU
		{2D72F5FB-7402-4518-979E-55A65759E991}.Debug|Any CPU.Build.0 = Debug|Any CPU
		{2D72F5FB-7402-4518-979E-55A65759E991}.Release|Any CPU.ActiveCfg = Release|Any CPU
		{2D72F5FB-7402-4518-979E-55A65759E991}.Release|Any CPU.Build.0 = Release|Any CPU
		{597CFFFC-5CD9-4D4B-AD7F-2333E9AD2051}.Debug|Any CPU.ActiveCfg = Debug|Any CPU
		{597CFFFC-5CD9-4D4B-AD7F-2333E9AD2051}.Debug|Any CPU.Build.0 = Debug|Any CPU
		{597CFFFC-5CD9-4D4B-AD7F-2333E9AD2051}.Release|Any CPU.ActiveCfg = Release|Any CPU
		{597CFFFC-5CD9-4D4B-AD7F-2333E9AD2051}.Release|Any CPU.Build.0 = Release|Any CPU
		{20ACD78C-9543-4DCA-979C-F740279C5C56}.Debug|Any CPU.ActiveCfg = Debug|Any CPU
		{20ACD78C-9543-4DCA-979C-F740279C5C56}.Debug|Any CPU.Build.0 = Debug|Any CPU
		{20ACD78C-9543-4DCA-979C-F740279C5C56}.Release|Any CPU.ActiveCfg = Release|Any CPU
		{20ACD78C-9543-4DCA-979C-F740279C5C56}.Release|Any CPU.Build.0 = Release|Any CPU
		{AFD3CAE1-E45F-4534-9A6C-0F8407663B1B}.Debug|Any CPU.ActiveCfg = Debug|Any CPU
		{AFD3CAE1-E45F-4534-9A6C-0F8407663B1B}.Debug|Any CPU.Build.0 = Debug|Any CPU
		{AFD3CAE1-E45F-4534-9A6C-0F8407663B1B}.Release|Any CPU.ActiveCfg = Release|Any CPU
		{AFD3CAE1-E45F-4534-9A6C-0F8407663B1B}.Release|Any CPU.Build.0 = Release|Any CPU
	EndGlobalSection
	GlobalSection(NestedProjects) = preSolution
	EndGlobalSection
EndGlobal
